
Microsoft Visual Studio Solution File, Format Version 12.00
# Visual Studio Version 17
VisualStudioVersion = 17.0.31903.59
MinimumVisualStudioVersion = 10.0.40219.1
Project("{9A19103F-16F7-4668-BE54-9A1E7A4F7556}") = "Sample.OpenTelemetry.Core", "Sample.OpenTelemetry.Core\Sample.OpenTelemetry.Core.csproj", "{A749ECB8-EE25-420C-B963-C9F98336519A}"
EndProject
Project("{9A19103F-16F7-4668-BE54-9A1E7A4F7556}") = "Sample.OpenTelemetry.API", "Sample.OpenTelemetry.API\Sample.OpenTelemetry.API.csproj", "{5C725433-9C0A-42F9-A2FD-CE73FE3E5C6C}"
EndProject
Global
	GlobalSection(SolutionConfigurationPlatforms) = preSolution
		Debug|Any CPU = Debug|Any CPU
		Release|Any CPU = Release|Any CPU
	EndGlobalSection
	GlobalSection(ProjectConfigurationPlatforms) = postSolution
		{A749ECB8-EE25-420C-B963-C9F98336519A}.Debug|Any CPU.ActiveCfg = Debug|Any CPU
		{A749ECB8-EE25-420C-B963-C9F98336519A}.Debug|Any CPU.Build.0 = Debug|Any CPU
		{A749ECB8-EE25-420C-B963-C9F98336519A}.Release|Any CPU.ActiveCfg = Release|Any CPU
		{A749ECB8-EE25-420C-B963-C9F98336519A}.Release|Any CPU.Build.0 = Release|Any CPU
		{5C725433-9C0A-42F9-A2FD-CE73FE3E5C6C}.Debug|Any CPU.ActiveCfg = Debug|Any CPU
		{5C725433-9C0A-42F9-A2FD-CE73FE3E5C6C}.Debug|Any CPU.Build.0 = Debug|Any CPU
		{5C725433-9C0A-42F9-A2FD-CE73FE3E5C6C}.Release|Any CPU.ActiveCfg = Release|Any CPU
		{5C725433-9C0A-42F9-A2FD-CE73FE3E5C6C}.Release|Any CPU.Build.0 = Release|Any CPU
	EndGlobalSection
	GlobalSection(SolutionProperties) = preSolution
		HideSolutionNode = FALSE
	EndGlobalSection
	GlobalSection(ExtensibilityGlobals) = postSolution
		SolutionGuid = {605F55CF-A0A0-4B5B-892B-BFF21BD8A9AC}
	EndGlobalSection
EndGlobal
